// !$*UTF8*$!
{
	archiveVersion = 1;
	classes = {
	};
	objectVersion = 55;
	objects = {

/* Begin PBXBuildFile section */
		76BA22679DBB4E9ECF29C1A8 /* Pods_TestApp_TestAppUITests.framework in Frameworks */ = {isa = PBXBuildFile; fileRef = B9377D3CC628442F71555A7E /* Pods_TestApp_TestAppUITests.framework */; };
		78A6FD516075F747E384C84D /* Pods_TestApp.framework in Frameworks */ = {isa = PBXBuildFile; fileRef = 89BBA77FEDE0E1BF00CAC399 /* Pods_TestApp.framework */; };
		8B2DAA1259F17DD09368FD45 /* Pods_TestAppTests.framework in Frameworks */ = {isa = PBXBuildFile; fileRef = EEC21C243121AFB4C28B47E2 /* Pods_TestAppTests.framework */; };
		AD0E7A91279A5D0500F1A9A0 /* .swiftlint.yml in Resources */ = {isa = PBXBuildFile; fileRef = AD0E7A90279A5D0500F1A9A0 /* .swiftlint.yml */; };
		AD0E7A95279A8C1600F1A9A0 /* TabBarMenu.swift in Sources */ = {isa = PBXBuildFile; fileRef = AD0E7A94279A8C1600F1A9A0 /* TabBarMenu.swift */; };
		AD0E7A99279A93AC00F1A9A0 /* MyStockView.swift in Sources */ = {isa = PBXBuildFile; fileRef = AD0E7A98279A93AC00F1A9A0 /* MyStockView.swift */; };
		AD0E7A9B279A94FB00F1A9A0 /* MyStockSortingMenu.swift in Sources */ = {isa = PBXBuildFile; fileRef = AD0E7A9A279A94FB00F1A9A0 /* MyStockSortingMenu.swift */; };
		AD27D1A72791652D009C8F91 /* AppDelegate.swift in Sources */ = {isa = PBXBuildFile; fileRef = AD27D1A62791652D009C8F91 /* AppDelegate.swift */; };
		AD27D1A92791652D009C8F91 /* SceneDelegate.swift in Sources */ = {isa = PBXBuildFile; fileRef = AD27D1A82791652D009C8F91 /* SceneDelegate.swift */; };
		AD27D1B02791652F009C8F91 /* Assets.xcassets in Resources */ = {isa = PBXBuildFile; fileRef = AD27D1AF2791652F009C8F91 /* Assets.xcassets */; };
		AD27D1B32791652F009C8F91 /* LaunchScreen.storyboard in Resources */ = {isa = PBXBuildFile; fileRef = AD27D1B12791652F009C8F91 /* LaunchScreen.storyboard */; };
		AD27D1BE2791652F009C8F91 /* TestAppTests.swift in Sources */ = {isa = PBXBuildFile; fileRef = AD27D1BD2791652F009C8F91 /* TestAppTests.swift */; };
		AD27D1C82791652F009C8F91 /* TestAppUITests.swift in Sources */ = {isa = PBXBuildFile; fileRef = AD27D1C72791652F009C8F91 /* TestAppUITests.swift */; };
		AD27D1CA2791652F009C8F91 /* TestAppUITestsLaunchTests.swift in Sources */ = {isa = PBXBuildFile; fileRef = AD27D1C92791652F009C8F91 /* TestAppUITestsLaunchTests.swift */; };
		AD34BB422794E045001CD610 /* HomeViewController.swift in Sources */ = {isa = PBXBuildFile; fileRef = AD34BB412794E045001CD610 /* HomeViewController.swift */; };
		AD34BB442794E337001CD610 /* LoginViewController.swift in Sources */ = {isa = PBXBuildFile; fileRef = AD34BB432794E337001CD610 /* LoginViewController.swift */; };
		AD34BB472794E95D001CD610 /* PasswordView.swift in Sources */ = {isa = PBXBuildFile; fileRef = AD34BB462794E95D001CD610 /* PasswordView.swift */; };
		AD6A684027A0EC4B000D022C /* NoticeTableViewCell.swift in Sources */ = {isa = PBXBuildFile; fileRef = AD6A683F27A0EC4B000D022C /* NoticeTableViewCell.swift */; };
		AD6A684227A0F02F000D022C /* SeparatorView.swift in Sources */ = {isa = PBXBuildFile; fileRef = AD6A684127A0F02F000D022C /* SeparatorView.swift */; };
		AD6A684427A104AB000D022C /* SwitchMenu.swift in Sources */ = {isa = PBXBuildFile; fileRef = AD6A684327A104AB000D022C /* SwitchMenu.swift */; };
		AD6A684727A110D8000D022C /* DividendView.swift in Sources */ = {isa = PBXBuildFile; fileRef = AD6A684627A110D8000D022C /* DividendView.swift */; };
		AD6A684927A129B4000D022C /* DividendCollectionViewCell.swift in Sources */ = {isa = PBXBuildFile; fileRef = AD6A684827A129B4000D022C /* DividendCollectionViewCell.swift */; };
		AD6BC75827ACD40C00C2B87D /* StockListMenuCollectionView.swift in Sources */ = {isa = PBXBuildFile; fileRef = AD6BC75727ACD40C00C2B87D /* StockListMenuCollectionView.swift */; };
		AD7E0D9E279637DA00230920 /* TestView.swift in Sources */ = {isa = PBXBuildFile; fileRef = AD7E0D9D279637DA00230920 /* TestView.swift */; };
		AD7E0DE32796791B00230920 /* PasswordNumberCollectionViewCell.swift in Sources */ = {isa = PBXBuildFile; fileRef = AD7E0DE22796791B00230920 /* PasswordNumberCollectionViewCell.swift */; };
		AD7E657327B9CED100408BE6 /* StockListMainCollectionViewCell.swift in Sources */ = {isa = PBXBuildFile; fileRef = AD7E657227B9CED100408BE6 /* StockListMainCollectionViewCell.swift */; };
		AD7E657927BA1B8100408BE6 /* StockListDetailViewCell.swift in Sources */ = {isa = PBXBuildFile; fileRef = AD7E657827BA1B8100408BE6 /* StockListDetailViewCell.swift */; };
		AD843DCC27BDC0DC006F974A /* ProfitShareView.swift in Sources */ = {isa = PBXBuildFile; fileRef = AD843DCB27BDC0DC006F974A /* ProfitShareView.swift */; };
		AD843DCF27BDC2C8006F974A /* CurrencyView.swift in Sources */ = {isa = PBXBuildFile; fileRef = AD843DCE27BDC2C8006F974A /* CurrencyView.swift */; };
		AD843DD227BDD466006F974A /* LegalBoardView.swift in Sources */ = {isa = PBXBuildFile; fileRef = AD843DD127BDD466006F974A /* LegalBoardView.swift */; };
		AD84C57F2799337B00395772 /* HomeTabBarController.swift in Sources */ = {isa = PBXBuildFile; fileRef = AD84C57E2799337B00395772 /* HomeTabBarController.swift */; };
		AD84C5832799459E00395772 /* InvestmentView.swift in Sources */ = {isa = PBXBuildFile; fileRef = AD84C5822799459E00395772 /* InvestmentView.swift */; };
		AD85592F27A225EB005BBA23 /* HomeViewMenu.swift in Sources */ = {isa = PBXBuildFile; fileRef = AD85592E27A225EB005BBA23 /* HomeViewMenu.swift */; };
		AD85593127A2315D005BBA23 /* DetailNoticeViewController.swift in Sources */ = {isa = PBXBuildFile; fileRef = AD85593027A2315D005BBA23 /* DetailNoticeViewController.swift */; };
		AD85593327A27A30005BBA23 /* MenuColor.swift in Sources */ = {isa = PBXBuildFile; fileRef = AD85593227A27A30005BBA23 /* MenuColor.swift */; };
		AD8B45E327C2FEA600005725 /* Alamofire in Frameworks */ = {isa = PBXBuildFile; productRef = AD8B45E227C2FEA600005725 /* Alamofire */; };
		AD8B45E527C2FEC700005725 /* NetworkManager.swift in Sources */ = {isa = PBXBuildFile; fileRef = AD8B45E427C2FEC700005725 /* NetworkManager.swift */; };
		AD8B45E727C2FF9E00005725 /* MyStock.swift in Sources */ = {isa = PBXBuildFile; fileRef = AD8B45E627C2FF9E00005725 /* MyStock.swift */; };
		AD8B45EC27C3209400005725 /* HomeViewProtocol.swift in Sources */ = {isa = PBXBuildFile; fileRef = AD8B45EB27C3209400005725 /* HomeViewProtocol.swift */; };
		AD8B45EE27C3217300005725 /* DetailStockViewController.swift in Sources */ = {isa = PBXBuildFile; fileRef = AD8B45ED27C3217300005725 /* DetailStockViewController.swift */; };
		AD8B45F227C343E300005725 /* ProfitShareDetailViewController.swift in Sources */ = {isa = PBXBuildFile; fileRef = AD8B45F127C343E300005725 /* ProfitShareDetailViewController.swift */; };
		AD8B45F427C3581900005725 /* CurrencyDetailView.swift in Sources */ = {isa = PBXBuildFile; fileRef = AD8B45F327C3581900005725 /* CurrencyDetailView.swift */; };
		AD991DC727A3AE7000AA897B /* StockListView.swift in Sources */ = {isa = PBXBuildFile; fileRef = AD991DC627A3AE7000AA897B /* StockListView.swift */; };
		AD991DC927A3CC8000AA897B /* MenuCollectionViewCell.swift in Sources */ = {isa = PBXBuildFile; fileRef = AD991DC827A3CC8000AA897B /* MenuCollectionViewCell.swift */; };
		ADA8B440279E470B003D5C98 /* MyStockViewTableCell.swift in Sources */ = {isa = PBXBuildFile; fileRef = ADA8B43F279E470B003D5C98 /* MyStockViewTableCell.swift */; };
/* End PBXBuildFile section */

/* Begin PBXContainerItemProxy section */
		AD27D1BA2791652F009C8F91 /* PBXContainerItemProxy */ = {
			isa = PBXContainerItemProxy;
			containerPortal = AD27D19B2791652D009C8F91 /* Project object */;
			proxyType = 1;
			remoteGlobalIDString = AD27D1A22791652D009C8F91;
			remoteInfo = TestApp;
		};
		AD27D1C42791652F009C8F91 /* PBXContainerItemProxy */ = {
			isa = PBXContainerItemProxy;
			containerPortal = AD27D19B2791652D009C8F91 /* Project object */;
			proxyType = 1;
			remoteGlobalIDString = AD27D1A22791652D009C8F91;
			remoteInfo = TestApp;
		};
/* End PBXContainerItemProxy section */

/* Begin PBXFileReference section */
		18310F96460656296AFA88A9 /* Pods-TestApp-TestAppUITests.release.xcconfig */ = {isa = PBXFileReference; includeInIndex = 1; lastKnownFileType = text.xcconfig; name = "Pods-TestApp-TestAppUITests.release.xcconfig"; path = "Target Support Files/Pods-TestApp-TestAppUITests/Pods-TestApp-TestAppUITests.release.xcconfig"; sourceTree = "<group>"; };
		202172D21AB2ED012D98CDDF /* Pods-TestApp.release.xcconfig */ = {isa = PBXFileReference; includeInIndex = 1; lastKnownFileType = text.xcconfig; name = "Pods-TestApp.release.xcconfig"; path = "Target Support Files/Pods-TestApp/Pods-TestApp.release.xcconfig"; sourceTree = "<group>"; };
		25732A55051288CB135B7026 /* Pods-TestAppTests.debug.xcconfig */ = {isa = PBXFileReference; includeInIndex = 1; lastKnownFileType = text.xcconfig; name = "Pods-TestAppTests.debug.xcconfig"; path = "Target Support Files/Pods-TestAppTests/Pods-TestAppTests.debug.xcconfig"; sourceTree = "<group>"; };
		490D2B7F07520A2C0458A139 /* Pods-TestApp.debug.xcconfig */ = {isa = PBXFileReference; includeInIndex = 1; lastKnownFileType = text.xcconfig; name = "Pods-TestApp.debug.xcconfig"; path = "Target Support Files/Pods-TestApp/Pods-TestApp.debug.xcconfig"; sourceTree = "<group>"; };
		89BBA77FEDE0E1BF00CAC399 /* Pods_TestApp.framework */ = {isa = PBXFileReference; explicitFileType = wrapper.framework; includeInIndex = 0; path = Pods_TestApp.framework; sourceTree = BUILT_PRODUCTS_DIR; };
		AD0E7A90279A5D0500F1A9A0 /* .swiftlint.yml */ = {isa = PBXFileReference; lastKnownFileType = text.yaml; path = .swiftlint.yml; sourceTree = "<group>"; };
		AD0E7A94279A8C1600F1A9A0 /* TabBarMenu.swift */ = {isa = PBXFileReference; lastKnownFileType = sourcecode.swift; path = TabBarMenu.swift; sourceTree = "<group>"; };
		AD0E7A98279A93AC00F1A9A0 /* MyStockView.swift */ = {isa = PBXFileReference; lastKnownFileType = sourcecode.swift; path = MyStockView.swift; sourceTree = "<group>"; };
		AD0E7A9A279A94FB00F1A9A0 /* MyStockSortingMenu.swift */ = {isa = PBXFileReference; lastKnownFileType = sourcecode.swift; path = MyStockSortingMenu.swift; sourceTree = "<group>"; };
		AD27D1A32791652D009C8F91 /* TestApp.app */ = {isa = PBXFileReference; explicitFileType = wrapper.application; includeInIndex = 0; path = TestApp.app; sourceTree = BUILT_PRODUCTS_DIR; };
		AD27D1A62791652D009C8F91 /* AppDelegate.swift */ = {isa = PBXFileReference; lastKnownFileType = sourcecode.swift; path = AppDelegate.swift; sourceTree = "<group>"; };
		AD27D1A82791652D009C8F91 /* SceneDelegate.swift */ = {isa = PBXFileReference; lastKnownFileType = sourcecode.swift; path = SceneDelegate.swift; sourceTree = "<group>"; };
		AD27D1AF2791652F009C8F91 /* Assets.xcassets */ = {isa = PBXFileReference; lastKnownFileType = folder.assetcatalog; path = Assets.xcassets; sourceTree = "<group>"; };
		AD27D1B22791652F009C8F91 /* Base */ = {isa = PBXFileReference; lastKnownFileType = file.storyboard; name = Base; path = Base.lproj/LaunchScreen.storyboard; sourceTree = "<group>"; };
		AD27D1B42791652F009C8F91 /* Info.plist */ = {isa = PBXFileReference; lastKnownFileType = text.plist.xml; path = Info.plist; sourceTree = "<group>"; };
		AD27D1B92791652F009C8F91 /* TestAppTests.xctest */ = {isa = PBXFileReference; explicitFileType = wrapper.cfbundle; includeInIndex = 0; path = TestAppTests.xctest; sourceTree = BUILT_PRODUCTS_DIR; };
		AD27D1BD2791652F009C8F91 /* TestAppTests.swift */ = {isa = PBXFileReference; lastKnownFileType = sourcecode.swift; path = TestAppTests.swift; sourceTree = "<group>"; };
		AD27D1C32791652F009C8F91 /* TestAppUITests.xctest */ = {isa = PBXFileReference; explicitFileType = wrapper.cfbundle; includeInIndex = 0; path = TestAppUITests.xctest; sourceTree = BUILT_PRODUCTS_DIR; };
		AD27D1C72791652F009C8F91 /* TestAppUITests.swift */ = {isa = PBXFileReference; lastKnownFileType = sourcecode.swift; path = TestAppUITests.swift; sourceTree = "<group>"; };
		AD27D1C92791652F009C8F91 /* TestAppUITestsLaunchTests.swift */ = {isa = PBXFileReference; lastKnownFileType = sourcecode.swift; path = TestAppUITestsLaunchTests.swift; sourceTree = "<group>"; };
		AD34BB412794E045001CD610 /* HomeViewController.swift */ = {isa = PBXFileReference; lastKnownFileType = sourcecode.swift; path = HomeViewController.swift; sourceTree = "<group>"; };
		AD34BB432794E337001CD610 /* LoginViewController.swift */ = {isa = PBXFileReference; lastKnownFileType = sourcecode.swift; path = LoginViewController.swift; sourceTree = "<group>"; };
		AD34BB462794E95D001CD610 /* PasswordView.swift */ = {isa = PBXFileReference; lastKnownFileType = sourcecode.swift; path = PasswordView.swift; sourceTree = "<group>"; };
		AD6A683F27A0EC4B000D022C /* NoticeTableViewCell.swift */ = {isa = PBXFileReference; lastKnownFileType = sourcecode.swift; path = NoticeTableViewCell.swift; sourceTree = "<group>"; };
		AD6A684127A0F02F000D022C /* SeparatorView.swift */ = {isa = PBXFileReference; lastKnownFileType = sourcecode.swift; path = SeparatorView.swift; sourceTree = "<group>"; };
		AD6A684327A104AB000D022C /* SwitchMenu.swift */ = {isa = PBXFileReference; lastKnownFileType = sourcecode.swift; path = SwitchMenu.swift; sourceTree = "<group>"; };
		AD6A684627A110D8000D022C /* DividendView.swift */ = {isa = PBXFileReference; lastKnownFileType = sourcecode.swift; path = DividendView.swift; sourceTree = "<group>"; };
		AD6A684827A129B4000D022C /* DividendCollectionViewCell.swift */ = {isa = PBXFileReference; lastKnownFileType = sourcecode.swift; path = DividendCollectionViewCell.swift; sourceTree = "<group>"; };
		AD6BC75727ACD40C00C2B87D /* StockListMenuCollectionView.swift */ = {isa = PBXFileReference; lastKnownFileType = sourcecode.swift; path = StockListMenuCollectionView.swift; sourceTree = "<group>"; };
		AD7E0D9D279637DA00230920 /* TestView.swift */ = {isa = PBXFileReference; lastKnownFileType = sourcecode.swift; path = TestView.swift; sourceTree = "<group>"; };
		AD7E0DE22796791B00230920 /* PasswordNumberCollectionViewCell.swift */ = {isa = PBXFileReference; lastKnownFileType = sourcecode.swift; path = PasswordNumberCollectionViewCell.swift; sourceTree = "<group>"; };
		AD7E657227B9CED100408BE6 /* StockListMainCollectionViewCell.swift */ = {isa = PBXFileReference; lastKnownFileType = sourcecode.swift; path = StockListMainCollectionViewCell.swift; sourceTree = "<group>"; };
		AD7E657827BA1B8100408BE6 /* StockListDetailViewCell.swift */ = {isa = PBXFileReference; lastKnownFileType = sourcecode.swift; path = StockListDetailViewCell.swift; sourceTree = "<group>"; };
		AD843DCB27BDC0DC006F974A /* ProfitShareView.swift */ = {isa = PBXFileReference; lastKnownFileType = sourcecode.swift; path = ProfitShareView.swift; sourceTree = "<group>"; };
		AD843DCE27BDC2C8006F974A /* CurrencyView.swift */ = {isa = PBXFileReference; lastKnownFileType = sourcecode.swift; path = CurrencyView.swift; sourceTree = "<group>"; };
		AD843DD127BDD466006F974A /* LegalBoardView.swift */ = {isa = PBXFileReference; lastKnownFileType = sourcecode.swift; path = LegalBoardView.swift; sourceTree = "<group>"; };
		AD84C57E2799337B00395772 /* HomeTabBarController.swift */ = {isa = PBXFileReference; lastKnownFileType = sourcecode.swift; path = HomeTabBarController.swift; sourceTree = "<group>"; };
		AD84C5822799459E00395772 /* InvestmentView.swift */ = {isa = PBXFileReference; lastKnownFileType = sourcecode.swift; path = InvestmentView.swift; sourceTree = "<group>"; };
		AD85592E27A225EB005BBA23 /* HomeViewMenu.swift */ = {isa = PBXFileReference; lastKnownFileType = sourcecode.swift; path = HomeViewMenu.swift; sourceTree = "<group>"; };
		AD85593027A2315D005BBA23 /* DetailNoticeViewController.swift */ = {isa = PBXFileReference; lastKnownFileType = sourcecode.swift; path = DetailNoticeViewController.swift; sourceTree = "<group>"; };
		AD85593227A27A30005BBA23 /* MenuColor.swift */ = {isa = PBXFileReference; lastKnownFileType = sourcecode.swift; path = MenuColor.swift; sourceTree = "<group>"; };
		AD8B45E427C2FEC700005725 /* NetworkManager.swift */ = {isa = PBXFileReference; lastKnownFileType = sourcecode.swift; path = NetworkManager.swift; sourceTree = "<group>"; };
		AD8B45E627C2FF9E00005725 /* MyStock.swift */ = {isa = PBXFileReference; lastKnownFileType = sourcecode.swift; path = MyStock.swift; sourceTree = "<group>"; };
		AD8B45EB27C3209400005725 /* HomeViewProtocol.swift */ = {isa = PBXFileReference; lastKnownFileType = sourcecode.swift; path = HomeViewProtocol.swift; sourceTree = "<group>"; };
		AD8B45ED27C3217300005725 /* DetailStockViewController.swift */ = {isa = PBXFileReference; lastKnownFileType = sourcecode.swift; path = DetailStockViewController.swift; sourceTree = "<group>"; };
		AD8B45F127C343E300005725 /* ProfitShareDetailViewController.swift */ = {isa = PBXFileReference; lastKnownFileType = sourcecode.swift; path = ProfitShareDetailViewController.swift; sourceTree = "<group>"; };
		AD8B45F327C3581900005725 /* CurrencyDetailView.swift */ = {isa = PBXFileReference; lastKnownFileType = sourcecode.swift; path = CurrencyDetailView.swift; sourceTree = "<group>"; };
		AD991DC627A3AE7000AA897B /* StockListView.swift */ = {isa = PBXFileReference; lastKnownFileType = sourcecode.swift; path = StockListView.swift; sourceTree = "<group>"; };
		AD991DC827A3CC8000AA897B /* MenuCollectionViewCell.swift */ = {isa = PBXFileReference; lastKnownFileType = sourcecode.swift; path = MenuCollectionViewCell.swift; sourceTree = "<group>"; };
		ADA8B43F279E470B003D5C98 /* MyStockViewTableCell.swift */ = {isa = PBXFileReference; lastKnownFileType = sourcecode.swift; path = MyStockViewTableCell.swift; sourceTree = "<group>"; };
		B76E8DF48A8D312DF6179951 /* Pods-TestAppTests.release.xcconfig */ = {isa = PBXFileReference; includeInIndex = 1; lastKnownFileType = text.xcconfig; name = "Pods-TestAppTests.release.xcconfig"; path = "Target Support Files/Pods-TestAppTests/Pods-TestAppTests.release.xcconfig"; sourceTree = "<group>"; };
		B9377D3CC628442F71555A7E /* Pods_TestApp_TestAppUITests.framework */ = {isa = PBXFileReference; explicitFileType = wrapper.framework; includeInIndex = 0; path = Pods_TestApp_TestAppUITests.framework; sourceTree = BUILT_PRODUCTS_DIR; };
		CCEC7128F2A6023A994AEE25 /* Pods-TestApp-TestAppUITests.debug.xcconfig */ = {isa = PBXFileReference; includeInIndex = 1; lastKnownFileType = text.xcconfig; name = "Pods-TestApp-TestAppUITests.debug.xcconfig"; path = "Target Support Files/Pods-TestApp-TestAppUITests/Pods-TestApp-TestAppUITests.debug.xcconfig"; sourceTree = "<group>"; };
		EEC21C243121AFB4C28B47E2 /* Pods_TestAppTests.framework */ = {isa = PBXFileReference; explicitFileType = wrapper.framework; includeInIndex = 0; path = Pods_TestAppTests.framework; sourceTree = BUILT_PRODUCTS_DIR; };
/* End PBXFileReference section */

/* Begin PBXFrameworksBuildPhase section */
		AD27D1A02791652D009C8F91 /* Frameworks */ = {
			isa = PBXFrameworksBuildPhase;
			buildActionMask = 2147483647;
			files = (
				78A6FD516075F747E384C84D /* Pods_TestApp.framework in Frameworks */,
				AD8B45E327C2FEA600005725 /* Alamofire in Frameworks */,
			);
			runOnlyForDeploymentPostprocessing = 0;
		};
		AD27D1B62791652F009C8F91 /* Frameworks */ = {
			isa = PBXFrameworksBuildPhase;
			buildActionMask = 2147483647;
			files = (
				8B2DAA1259F17DD09368FD45 /* Pods_TestAppTests.framework in Frameworks */,
			);
			runOnlyForDeploymentPostprocessing = 0;
		};
		AD27D1C02791652F009C8F91 /* Frameworks */ = {
			isa = PBXFrameworksBuildPhase;
			buildActionMask = 2147483647;
			files = (
				76BA22679DBB4E9ECF29C1A8 /* Pods_TestApp_TestAppUITests.framework in Frameworks */,
			);
			runOnlyForDeploymentPostprocessing = 0;
		};
/* End PBXFrameworksBuildPhase section */

/* Begin PBXGroup section */
		0DE520B4146F1483610455A0 /* Frameworks */ = {
			isa = PBXGroup;
			children = (
				89BBA77FEDE0E1BF00CAC399 /* Pods_TestApp.framework */,
				B9377D3CC628442F71555A7E /* Pods_TestApp_TestAppUITests.framework */,
				EEC21C243121AFB4C28B47E2 /* Pods_TestAppTests.framework */,
			);
			name = Frameworks;
			sourceTree = "<group>";
		};
		6C5CD9EA1D97EF3B4DA527D3 /* Pods */ = {
			isa = PBXGroup;
			children = (
				490D2B7F07520A2C0458A139 /* Pods-TestApp.debug.xcconfig */,
				202172D21AB2ED012D98CDDF /* Pods-TestApp.release.xcconfig */,
				CCEC7128F2A6023A994AEE25 /* Pods-TestApp-TestAppUITests.debug.xcconfig */,
				18310F96460656296AFA88A9 /* Pods-TestApp-TestAppUITests.release.xcconfig */,
				25732A55051288CB135B7026 /* Pods-TestAppTests.debug.xcconfig */,
				B76E8DF48A8D312DF6179951 /* Pods-TestAppTests.release.xcconfig */,
			);
			path = Pods;
			sourceTree = "<group>";
		};
		AD0E7A96279A938800F1A9A0 /* Investment */ = {
			isa = PBXGroup;
			children = (
				AD84C5822799459E00395772 /* InvestmentView.swift */,
				AD6A683F27A0EC4B000D022C /* NoticeTableViewCell.swift */,
				AD85593027A2315D005BBA23 /* DetailNoticeViewController.swift */,
			);
			path = Investment;
			sourceTree = "<group>";
		};
		AD0E7A97279A939900F1A9A0 /* MyStock */ = {
			isa = PBXGroup;
			children = (
				AD6A684527A110AE000D022C /* Dividend */,
				AD0E7A98279A93AC00F1A9A0 /* MyStockView.swift */,
				AD0E7A9A279A94FB00F1A9A0 /* MyStockSortingMenu.swift */,
				ADA8B43F279E470B003D5C98 /* MyStockViewTableCell.swift */,
			);
			path = MyStock;
			sourceTree = "<group>";
		};
		AD27D19A2791652D009C8F91 = {
			isa = PBXGroup;
			children = (
				AD0E7A90279A5D0500F1A9A0 /* .swiftlint.yml */,
				AD27D1A52791652D009C8F91 /* TestApp */,
				AD27D1BC2791652F009C8F91 /* TestAppTests */,
				AD27D1C62791652F009C8F91 /* TestAppUITests */,
				AD27D1A42791652D009C8F91 /* Products */,
				6C5CD9EA1D97EF3B4DA527D3 /* Pods */,
				0DE520B4146F1483610455A0 /* Frameworks */,
			);
			sourceTree = "<group>";
		};
		AD27D1A42791652D009C8F91 /* Products */ = {
			isa = PBXGroup;
			children = (
				AD27D1A32791652D009C8F91 /* TestApp.app */,
				AD27D1B92791652F009C8F91 /* TestAppTests.xctest */,
				AD27D1C32791652F009C8F91 /* TestAppUITests.xctest */,
			);
			name = Products;
			sourceTree = "<group>";
		};
		AD27D1A52791652D009C8F91 /* TestApp */ = {
			isa = PBXGroup;
			children = (
				AD991DC427A3AD2E00AA897B /* Delegates */,
				AD8B45EA27C3006300005725 /* Scene */,
				AD991DC227A3ACFE00AA897B /* MenuOptions */,
				AD27D1AF2791652F009C8F91 /* Assets.xcassets */,
				AD27D1B12791652F009C8F91 /* LaunchScreen.storyboard */,
				AD27D1B42791652F009C8F91 /* Info.plist */,
				AD8B45E827C3004400005725 /* Network */,
				AD8B45E927C3004B00005725 /* Model */,
			);
			path = TestApp;
			sourceTree = "<group>";
		};
		AD27D1BC2791652F009C8F91 /* TestAppTests */ = {
			isa = PBXGroup;
			children = (
				AD27D1BD2791652F009C8F91 /* TestAppTests.swift */,
			);
			path = TestAppTests;
			sourceTree = "<group>";
		};
		AD27D1C62791652F009C8F91 /* TestAppUITests */ = {
			isa = PBXGroup;
			children = (
				AD27D1C72791652F009C8F91 /* TestAppUITests.swift */,
				AD27D1C92791652F009C8F91 /* TestAppUITestsLaunchTests.swift */,
			);
			path = TestAppUITests;
			sourceTree = "<group>";
		};
		AD34BB452794E8C2001CD610 /* LoginView */ = {
			isa = PBXGroup;
			children = (
				AD34BB432794E337001CD610 /* LoginViewController.swift */,
				AD34BB462794E95D001CD610 /* PasswordView.swift */,
				AD7E0DE22796791B00230920 /* PasswordNumberCollectionViewCell.swift */,
			);
			path = LoginView;
			sourceTree = "<group>";
		};
		AD6A684527A110AE000D022C /* Dividend */ = {
			isa = PBXGroup;
			children = (
				AD6A684627A110D8000D022C /* DividendView.swift */,
				AD6A684827A129B4000D022C /* DividendCollectionViewCell.swift */,
			);
			path = Dividend;
			sourceTree = "<group>";
		};
		AD843DCD27BDC0E2006F974A /* ProfitShare */ = {
			isa = PBXGroup;
			children = (
				AD843DCB27BDC0DC006F974A /* ProfitShareView.swift */,
			);
			path = ProfitShare;
			sourceTree = "<group>";
		};
		AD843DD027BDC2CE006F974A /* Currency */ = {
			isa = PBXGroup;
			children = (
				AD843DCE27BDC2C8006F974A /* CurrencyView.swift */,
				AD8B45F327C3581900005725 /* CurrencyDetailView.swift */,
			);
			path = Currency;
			sourceTree = "<group>";
		};
		AD843DD327BDDE2F006F974A /* Legal */ = {
			isa = PBXGroup;
			children = (
				AD843DD127BDD466006F974A /* LegalBoardView.swift */,
			);
			path = Legal;
			sourceTree = "<group>";
		};
		AD84C5802799456400395772 /* MainController */ = {
			isa = PBXGroup;
			children = (
				AD84C57E2799337B00395772 /* HomeTabBarController.swift */,
				AD84C5812799458200395772 /* Home */,
			);
			path = MainController;
			sourceTree = "<group>";
		};
		AD84C5812799458200395772 /* Home */ = {
			isa = PBXGroup;
			children = (
				AD34BB412794E045001CD610 /* HomeViewController.swift */,
				AD85592E27A225EB005BBA23 /* HomeViewMenu.swift */,
				AD0E7A96279A938800F1A9A0 /* Investment */,
				AD0E7A97279A939900F1A9A0 /* MyStock */,
				AD991DC527A3ADDC00AA897B /* StockList */,
				AD843DCD27BDC0E2006F974A /* ProfitShare */,
				AD843DD027BDC2CE006F974A /* Currency */,
				AD843DD327BDDE2F006F974A /* Legal */,
				AD8B45F027C3229200005725 /* Protocols */,
				AD8B45EF27C3228000005725 /* StockDetail */,
				AD8B45F127C343E300005725 /* ProfitShareDetailViewController.swift */,
			);
			path = Home;
			sourceTree = "<group>";
		};
		AD8B45E827C3004400005725 /* Network */ = {
			isa = PBXGroup;
			children = (
				AD8B45E427C2FEC700005725 /* NetworkManager.swift */,
			);
			path = Network;
			sourceTree = "<group>";
		};
		AD8B45E927C3004B00005725 /* Model */ = {
			isa = PBXGroup;
			children = (
				AD8B45E627C2FF9E00005725 /* MyStock.swift */,
			);
			path = Model;
			sourceTree = "<group>";
		};
		AD8B45EA27C3006300005725 /* Scene */ = {
			isa = PBXGroup;
			children = (
				AD991DC327A3AD1D00AA897B /* Subviews */,
				AD84C5802799456400395772 /* MainController */,
				AD34BB452794E8C2001CD610 /* LoginView */,
			);
			path = Scene;
			sourceTree = "<group>";
		};
		AD8B45EF27C3228000005725 /* StockDetail */ = {
			isa = PBXGroup;
			children = (
				AD8B45ED27C3217300005725 /* DetailStockViewController.swift */,
			);
			path = StockDetail;
			sourceTree = "<group>";
		};
		AD8B45F027C3229200005725 /* Protocols */ = {
			isa = PBXGroup;
			children = (
				AD8B45EB27C3209400005725 /* HomeViewProtocol.swift */,
			);
			path = Protocols;
			sourceTree = "<group>";
		};
		AD991DC227A3ACFE00AA897B /* MenuOptions */ = {
			isa = PBXGroup;
			children = (
				AD0E7A94279A8C1600F1A9A0 /* TabBarMenu.swift */,
				AD6A684327A104AB000D022C /* SwitchMenu.swift */,
				AD85593227A27A30005BBA23 /* MenuColor.swift */,
			);
			path = MenuOptions;
			sourceTree = "<group>";
		};
		AD991DC327A3AD1D00AA897B /* Subviews */ = {
			isa = PBXGroup;
			children = (
				AD7E0D9D279637DA00230920 /* TestView.swift */,
				AD6A684127A0F02F000D022C /* SeparatorView.swift */,
			);
			path = Subviews;
			sourceTree = "<group>";
		};
		AD991DC427A3AD2E00AA897B /* Delegates */ = {
			isa = PBXGroup;
			children = (
				AD27D1A62791652D009C8F91 /* AppDelegate.swift */,
				AD27D1A82791652D009C8F91 /* SceneDelegate.swift */,
			);
			path = Delegates;
			sourceTree = "<group>";
		};
		AD991DC527A3ADDC00AA897B /* StockList */ = {
			isa = PBXGroup;
			children = (
				AD991DC627A3AE7000AA897B /* StockListView.swift */,
				AD991DC827A3CC8000AA897B /* MenuCollectionViewCell.swift */,
				AD6BC75727ACD40C00C2B87D /* StockListMenuCollectionView.swift */,
				AD7E657227B9CED100408BE6 /* StockListMainCollectionViewCell.swift */,
				AD7E657827BA1B8100408BE6 /* StockListDetailViewCell.swift */,
			);
			path = StockList;
			sourceTree = "<group>";
		};
/* End PBXGroup section */

/* Begin PBXNativeTarget section */
		AD27D1A22791652D009C8F91 /* TestApp */ = {
			isa = PBXNativeTarget;
			buildConfigurationList = AD27D1CD2791652F009C8F91 /* Build configuration list for PBXNativeTarget "TestApp" */;
			buildPhases = (
				0BB0BFD398BA36DF53F3C6CB /* [CP] Check Pods Manifest.lock */,
				AD27D19F2791652D009C8F91 /* Sources */,
				AD27D1A02791652D009C8F91 /* Frameworks */,
				AD27D1A12791652D009C8F91 /* Resources */,
				AD0E7A8F279A5B1000F1A9A0 /* ShellScript */,
			);
			buildRules = (
			);
			dependencies = (
			);
			name = TestApp;
			packageProductDependencies = (
				AD8B45E227C2FEA600005725 /* Alamofire */,
			);
			productName = TestApp;
			productReference = AD27D1A32791652D009C8F91 /* TestApp.app */;
			productType = "com.apple.product-type.application";
		};
		AD27D1B82791652F009C8F91 /* TestAppTests */ = {
			isa = PBXNativeTarget;
			buildConfigurationList = AD27D1D02791652F009C8F91 /* Build configuration list for PBXNativeTarget "TestAppTests" */;
			buildPhases = (
				6F03649338468D01C46E6E7E /* [CP] Check Pods Manifest.lock */,
				AD27D1B52791652F009C8F91 /* Sources */,
				AD27D1B62791652F009C8F91 /* Frameworks */,
				AD27D1B72791652F009C8F91 /* Resources */,
			);
			buildRules = (
			);
			dependencies = (
				AD27D1BB2791652F009C8F91 /* PBXTargetDependency */,
			);
			name = TestAppTests;
			productName = TestAppTests;
			productReference = AD27D1B92791652F009C8F91 /* TestAppTests.xctest */;
			productType = "com.apple.product-type.bundle.unit-test";
		};
		AD27D1C22791652F009C8F91 /* TestAppUITests */ = {
			isa = PBXNativeTarget;
			buildConfigurationList = AD27D1D32791652F009C8F91 /* Build configuration list for PBXNativeTarget "TestAppUITests" */;
			buildPhases = (
				40E23DB78BF33EFD3405A592 /* [CP] Check Pods Manifest.lock */,
				AD27D1BF2791652F009C8F91 /* Sources */,
				AD27D1C02791652F009C8F91 /* Frameworks */,
				AD27D1C12791652F009C8F91 /* Resources */,
			);
			buildRules = (
			);
			dependencies = (
				AD27D1C52791652F009C8F91 /* PBXTargetDependency */,
			);
			name = TestAppUITests;
			productName = TestAppUITests;
			productReference = AD27D1C32791652F009C8F91 /* TestAppUITests.xctest */;
			productType = "com.apple.product-type.bundle.ui-testing";
		};
/* End PBXNativeTarget section */

/* Begin PBXProject section */
		AD27D19B2791652D009C8F91 /* Project object */ = {
			isa = PBXProject;
			attributes = {
				BuildIndependentTargetsInParallel = 1;
				LastSwiftUpdateCheck = 1320;
				LastUpgradeCheck = 1320;
				TargetAttributes = {
					AD27D1A22791652D009C8F91 = {
						CreatedOnToolsVersion = 13.2.1;
						LastSwiftMigration = 1320;
					};
					AD27D1B82791652F009C8F91 = {
						CreatedOnToolsVersion = 13.2.1;
						TestTargetID = AD27D1A22791652D009C8F91;
					};
					AD27D1C22791652F009C8F91 = {
						CreatedOnToolsVersion = 13.2.1;
						TestTargetID = AD27D1A22791652D009C8F91;
					};
				};
			};
			buildConfigurationList = AD27D19E2791652D009C8F91 /* Build configuration list for PBXProject "TestApp" */;
			compatibilityVersion = "Xcode 13.0";
			developmentRegion = en;
			hasScannedForEncodings = 0;
			knownRegions = (
				en,
				Base,
			);
			mainGroup = AD27D19A2791652D009C8F91;
			packageReferences = (
				AD8B45E127C2FEA600005725 /* XCRemoteSwiftPackageReference "Alamofire" */,
			);
			productRefGroup = AD27D1A42791652D009C8F91 /* Products */;
			projectDirPath = "";
			projectRoot = "";
			targets = (
				AD27D1A22791652D009C8F91 /* TestApp */,
				AD27D1B82791652F009C8F91 /* TestAppTests */,
				AD27D1C22791652F009C8F91 /* TestAppUITests */,
			);
		};
/* End PBXProject section */

/* Begin PBXResourcesBuildPhase section */
		AD27D1A12791652D009C8F91 /* Resources */ = {
			isa = PBXResourcesBuildPhase;
			buildActionMask = 2147483647;
			files = (
				AD0E7A91279A5D0500F1A9A0 /* .swiftlint.yml in Resources */,
				AD27D1B32791652F009C8F91 /* LaunchScreen.storyboard in Resources */,
				AD27D1B02791652F009C8F91 /* Assets.xcassets in Resources */,
			);
			runOnlyForDeploymentPostprocessing = 0;
		};
		AD27D1B72791652F009C8F91 /* Resources */ = {
			isa = PBXResourcesBuildPhase;
			buildActionMask = 2147483647;
			files = (
			);
			runOnlyForDeploymentPostprocessing = 0;
		};
		AD27D1C12791652F009C8F91 /* Resources */ = {
			isa = PBXResourcesBuildPhase;
			buildActionMask = 2147483647;
			files = (
			);
			runOnlyForDeploymentPostprocessing = 0;
		};
/* End PBXResourcesBuildPhase section */

/* Begin PBXShellScriptBuildPhase section */
		0BB0BFD398BA36DF53F3C6CB /* [CP] Check Pods Manifest.lock */ = {
			isa = PBXShellScriptBuildPhase;
			buildActionMask = 2147483647;
			files = (
			);
			inputFileListPaths = (
			);
			inputPaths = (
				"${PODS_PODFILE_DIR_PATH}/Podfile.lock",
				"${PODS_ROOT}/Manifest.lock",
			);
			name = "[CP] Check Pods Manifest.lock";
			outputFileListPaths = (
			);
			outputPaths = (
				"$(DERIVED_FILE_DIR)/Pods-TestApp-checkManifestLockResult.txt",
			);
			runOnlyForDeploymentPostprocessing = 0;
			shellPath = /bin/sh;
			shellScript = "diff \"${PODS_PODFILE_DIR_PATH}/Podfile.lock\" \"${PODS_ROOT}/Manifest.lock\" > /dev/null\nif [ $? != 0 ] ; then\n    # print error to STDERR\n    echo \"error: The sandbox is not in sync with the Podfile.lock. Run 'pod install' or update your CocoaPods installation.\" >&2\n    exit 1\nfi\n# This output is used by Xcode 'outputs' to avoid re-running this script phase.\necho \"SUCCESS\" > \"${SCRIPT_OUTPUT_FILE_0}\"\n";
			showEnvVarsInLog = 0;
		};
		40E23DB78BF33EFD3405A592 /* [CP] Check Pods Manifest.lock */ = {
			isa = PBXShellScriptBuildPhase;
			buildActionMask = 2147483647;
			files = (
			);
			inputFileListPaths = (
			);
			inputPaths = (
				"${PODS_PODFILE_DIR_PATH}/Podfile.lock",
				"${PODS_ROOT}/Manifest.lock",
			);
			name = "[CP] Check Pods Manifest.lock";
			outputFileListPaths = (
			);
			outputPaths = (
				"$(DERIVED_FILE_DIR)/Pods-TestApp-TestAppUITests-checkManifestLockResult.txt",
			);
			runOnlyForDeploymentPostprocessing = 0;
			shellPath = /bin/sh;
			shellScript = "diff \"${PODS_PODFILE_DIR_PATH}/Podfile.lock\" \"${PODS_ROOT}/Manifest.lock\" > /dev/null\nif [ $? != 0 ] ; then\n    # print error to STDERR\n    echo \"error: The sandbox is not in sync with the Podfile.lock. Run 'pod install' or update your CocoaPods installation.\" >&2\n    exit 1\nfi\n# This output is used by Xcode 'outputs' to avoid re-running this script phase.\necho \"SUCCESS\" > \"${SCRIPT_OUTPUT_FILE_0}\"\n";
			showEnvVarsInLog = 0;
		};
		6F03649338468D01C46E6E7E /* [CP] Check Pods Manifest.lock */ = {
			isa = PBXShellScriptBuildPhase;
			buildActionMask = 2147483647;
			files = (
			);
			inputFileListPaths = (
			);
			inputPaths = (
				"${PODS_PODFILE_DIR_PATH}/Podfile.lock",
				"${PODS_ROOT}/Manifest.lock",
			);
			name = "[CP] Check Pods Manifest.lock";
			outputFileListPaths = (
			);
			outputPaths = (
				"$(DERIVED_FILE_DIR)/Pods-TestAppTests-checkManifestLockResult.txt",
			);
			runOnlyForDeploymentPostprocessing = 0;
			shellPath = /bin/sh;
			shellScript = "diff \"${PODS_PODFILE_DIR_PATH}/Podfile.lock\" \"${PODS_ROOT}/Manifest.lock\" > /dev/null\nif [ $? != 0 ] ; then\n    # print error to STDERR\n    echo \"error: The sandbox is not in sync with the Podfile.lock. Run 'pod install' or update your CocoaPods installation.\" >&2\n    exit 1\nfi\n# This output is used by Xcode 'outputs' to avoid re-running this script phase.\necho \"SUCCESS\" > \"${SCRIPT_OUTPUT_FILE_0}\"\n";
			showEnvVarsInLog = 0;
		};
		AD0E7A8F279A5B1000F1A9A0 /* ShellScript */ = {
			isa = PBXShellScriptBuildPhase;
			buildActionMask = 2147483647;
			files = (
			);
			inputFileListPaths = (
			);
			inputPaths = (
			);
			outputFileListPaths = (
			);
			outputPaths = (
			);
			runOnlyForDeploymentPostprocessing = 0;
			shellPath = /bin/sh;
			shellScript = "# Type a script or drag a script file from your workspace to insert its path.\n${PODS_ROOT}/SwiftLint/swiftlint\n";
		};
/* End PBXShellScriptBuildPhase section */

/* Begin PBXSourcesBuildPhase section */
		AD27D19F2791652D009C8F91 /* Sources */ = {
			isa = PBXSourcesBuildPhase;
			buildActionMask = 2147483647;
			files = (
				AD0E7A9B279A94FB00F1A9A0 /* MyStockSortingMenu.swift in Sources */,
				AD7E0D9E279637DA00230920 /* TestView.swift in Sources */,
				AD85593127A2315D005BBA23 /* DetailNoticeViewController.swift in Sources */,
				AD7E0DE32796791B00230920 /* PasswordNumberCollectionViewCell.swift in Sources */,
				AD85592F27A225EB005BBA23 /* HomeViewMenu.swift in Sources */,
				AD34BB472794E95D001CD610 /* PasswordView.swift in Sources */,
				AD27D1A72791652D009C8F91 /* AppDelegate.swift in Sources */,
				AD8B45EC27C3209400005725 /* HomeViewProtocol.swift in Sources */,
				AD991DC927A3CC8000AA897B /* MenuCollectionViewCell.swift in Sources */,
				AD6A684727A110D8000D022C /* DividendView.swift in Sources */,
				AD84C5832799459E00395772 /* InvestmentView.swift in Sources */,
				AD8B45F427C3581900005725 /* CurrencyDetailView.swift in Sources */,
				AD27D1A92791652D009C8F91 /* SceneDelegate.swift in Sources */,
				AD843DCF27BDC2C8006F974A /* CurrencyView.swift in Sources */,
				AD8B45E527C2FEC700005725 /* NetworkManager.swift in Sources */,
				ADA8B440279E470B003D5C98 /* MyStockViewTableCell.swift in Sources */,
				AD0E7A95279A8C1600F1A9A0 /* TabBarMenu.swift in Sources */,
				AD6A684027A0EC4B000D022C /* NoticeTableViewCell.swift in Sources */,
				AD7E657927BA1B8100408BE6 /* StockListDetailViewCell.swift in Sources */,
				AD991DC727A3AE7000AA897B /* StockListView.swift in Sources */,
				AD8B45F227C343E300005725 /* ProfitShareDetailViewController.swift in Sources */,
				AD84C57F2799337B00395772 /* HomeTabBarController.swift in Sources */,
				AD6BC75827ACD40C00C2B87D /* StockListMenuCollectionView.swift in Sources */,
				AD0E7A99279A93AC00F1A9A0 /* MyStockView.swift in Sources */,
				AD6A684227A0F02F000D022C /* SeparatorView.swift in Sources */,
				AD843DD227BDD466006F974A /* LegalBoardView.swift in Sources */,
				AD85593327A27A30005BBA23 /* MenuColor.swift in Sources */,
				AD34BB422794E045001CD610 /* HomeViewController.swift in Sources */,
				AD6A684427A104AB000D022C /* SwitchMenu.swift in Sources */,
				AD6A684927A129B4000D022C /* DividendCollectionViewCell.swift in Sources */,
				AD8B45E727C2FF9E00005725 /* MyStock.swift in Sources */,
				AD7E657327B9CED100408BE6 /* StockListMainCollectionViewCell.swift in Sources */,
				AD843DCC27BDC0DC006F974A /* ProfitShareView.swift in Sources */,
				AD34BB442794E337001CD610 /* LoginViewController.swift in Sources */,
				AD8B45EE27C3217300005725 /* DetailStockViewController.swift in Sources */,
			);
			runOnlyForDeploymentPostprocessing = 0;
		};
		AD27D1B52791652F009C8F91 /* Sources */ = {
			isa = PBXSourcesBuildPhase;
			buildActionMask = 2147483647;
			files = (
				AD27D1BE2791652F009C8F91 /* TestAppTests.swift in Sources */,
			);
			runOnlyForDeploymentPostprocessing = 0;
		};
		AD27D1BF2791652F009C8F91 /* Sources */ = {
			isa = PBXSourcesBuildPhase;
			buildActionMask = 2147483647;
			files = (
				AD27D1CA2791652F009C8F91 /* TestAppUITestsLaunchTests.swift in Sources */,
				AD27D1C82791652F009C8F91 /* TestAppUITests.swift in Sources */,
			);
			runOnlyForDeploymentPostprocessing = 0;
		};
/* End PBXSourcesBuildPhase section */

/* Begin PBXTargetDependency section */
		AD27D1BB2791652F009C8F91 /* PBXTargetDependency */ = {
			isa = PBXTargetDependency;
			target = AD27D1A22791652D009C8F91 /* TestApp */;
			targetProxy = AD27D1BA2791652F009C8F91 /* PBXContainerItemProxy */;
		};
		AD27D1C52791652F009C8F91 /* PBXTargetDependency */ = {
			isa = PBXTargetDependency;
			target = AD27D1A22791652D009C8F91 /* TestApp */;
			targetProxy = AD27D1C42791652F009C8F91 /* PBXContainerItemProxy */;
		};
/* End PBXTargetDependency section */

/* Begin PBXVariantGroup section */
		AD27D1B12791652F009C8F91 /* LaunchScreen.storyboard */ = {
			isa = PBXVariantGroup;
			children = (
				AD27D1B22791652F009C8F91 /* Base */,
			);
			name = LaunchScreen.storyboard;
			sourceTree = "<group>";
		};
/* End PBXVariantGroup section */

/* Begin XCBuildConfiguration section */
		AD27D1CB2791652F009C8F91 /* Debug */ = {
			isa = XCBuildConfiguration;
			buildSettings = {
				ALWAYS_SEARCH_USER_PATHS = NO;
				CLANG_ANALYZER_NONNULL = YES;
				CLANG_ANALYZER_NUMBER_OBJECT_CONVERSION = YES_AGGRESSIVE;
				CLANG_CXX_LANGUAGE_STANDARD = "gnu++17";
				CLANG_CXX_LIBRARY = "libc++";
				CLANG_ENABLE_MODULES = YES;
				CLANG_ENABLE_OBJC_ARC = YES;
				CLANG_ENABLE_OBJC_WEAK = YES;
				CLANG_WARN_BLOCK_CAPTURE_AUTORELEASING = YES;
				CLANG_WARN_BOOL_CONVERSION = YES;
				CLANG_WARN_COMMA = YES;
				CLANG_WARN_CONSTANT_CONVERSION = YES;
				CLANG_WARN_DEPRECATED_OBJC_IMPLEMENTATIONS = YES;
				CLANG_WARN_DIRECT_OBJC_ISA_USAGE = YES_ERROR;
				CLANG_WARN_DOCUMENTATION_COMMENTS = YES;
				CLANG_WARN_EMPTY_BODY = YES;
				CLANG_WARN_ENUM_CONVERSION = YES;
				CLANG_WARN_INFINITE_RECURSION = YES;
				CLANG_WARN_INT_CONVERSION = YES;
				CLANG_WARN_NON_LITERAL_NULL_CONVERSION = YES;
				CLANG_WARN_OBJC_IMPLICIT_RETAIN_SELF = YES;
				CLANG_WARN_OBJC_LITERAL_CONVERSION = YES;
				CLANG_WARN_OBJC_ROOT_CLASS = YES_ERROR;
				CLANG_WARN_QUOTED_INCLUDE_IN_FRAMEWORK_HEADER = YES;
				CLANG_WARN_RANGE_LOOP_ANALYSIS = YES;
				CLANG_WARN_STRICT_PROTOTYPES = YES;
				CLANG_WARN_SUSPICIOUS_MOVE = YES;
				CLANG_WARN_UNGUARDED_AVAILABILITY = YES_AGGRESSIVE;
				CLANG_WARN_UNREACHABLE_CODE = YES;
				CLANG_WARN__DUPLICATE_METHOD_MATCH = YES;
				COPY_PHASE_STRIP = NO;
				DEBUG_INFORMATION_FORMAT = dwarf;
				ENABLE_STRICT_OBJC_MSGSEND = YES;
				ENABLE_TESTABILITY = YES;
				GCC_C_LANGUAGE_STANDARD = gnu11;
				GCC_DYNAMIC_NO_PIC = NO;
				GCC_NO_COMMON_BLOCKS = YES;
				GCC_OPTIMIZATION_LEVEL = 0;
				GCC_PREPROCESSOR_DEFINITIONS = (
					"DEBUG=1",
					"$(inherited)",
				);
				GCC_WARN_64_TO_32_BIT_CONVERSION = YES;
				GCC_WARN_ABOUT_RETURN_TYPE = YES_ERROR;
				GCC_WARN_UNDECLARED_SELECTOR = YES;
				GCC_WARN_UNINITIALIZED_AUTOS = YES_AGGRESSIVE;
				GCC_WARN_UNUSED_FUNCTION = YES;
				GCC_WARN_UNUSED_VARIABLE = YES;
				IPHONEOS_DEPLOYMENT_TARGET = 13.0;
				MTL_ENABLE_DEBUG_INFO = INCLUDE_SOURCE;
				MTL_FAST_MATH = YES;
				ONLY_ACTIVE_ARCH = YES;
				SDKROOT = iphoneos;
				SWIFT_ACTIVE_COMPILATION_CONDITIONS = DEBUG;
				SWIFT_OPTIMIZATION_LEVEL = "-Onone";
			};
			name = Debug;
		};
		AD27D1CC2791652F009C8F91 /* Release */ = {
			isa = XCBuildConfiguration;
			buildSettings = {
				ALWAYS_SEARCH_USER_PATHS = NO;
				CLANG_ANALYZER_NONNULL = YES;
				CLANG_ANALYZER_NUMBER_OBJECT_CONVERSION = YES_AGGRESSIVE;
				CLANG_CXX_LANGUAGE_STANDARD = "gnu++17";
				CLANG_CXX_LIBRARY = "libc++";
				CLANG_ENABLE_MODULES = YES;
				CLANG_ENABLE_OBJC_ARC = YES;
				CLANG_ENABLE_OBJC_WEAK = YES;
				CLANG_WARN_BLOCK_CAPTURE_AUTORELEASING = YES;
				CLANG_WARN_BOOL_CONVERSION = YES;
				CLANG_WARN_COMMA = YES;
				CLANG_WARN_CONSTANT_CONVERSION = YES;
				CLANG_WARN_DEPRECATED_OBJC_IMPLEMENTATIONS = YES;
				CLANG_WARN_DIRECT_OBJC_ISA_USAGE = YES_ERROR;
				CLANG_WARN_DOCUMENTATION_COMMENTS = YES;
				CLANG_WARN_EMPTY_BODY = YES;
				CLANG_WARN_ENUM_CONVERSION = YES;
				CLANG_WARN_INFINITE_RECURSION = YES;
				CLANG_WARN_INT_CONVERSION = YES;
				CLANG_WARN_NON_LITERAL_NULL_CONVERSION = YES;
				CLANG_WARN_OBJC_IMPLICIT_RETAIN_SELF = YES;
				CLANG_WARN_OBJC_LITERAL_CONVERSION = YES;
				CLANG_WARN_OBJC_ROOT_CLASS = YES_ERROR;
				CLANG_WARN_QUOTED_INCLUDE_IN_FRAMEWORK_HEADER = YES;
				CLANG_WARN_RANGE_LOOP_ANALYSIS = YES;
				CLANG_WARN_STRICT_PROTOTYPES = YES;
				CLANG_WARN_SUSPICIOUS_MOVE = YES;
				CLANG_WARN_UNGUARDED_AVAILABILITY = YES_AGGRESSIVE;
				CLANG_WARN_UNREACHABLE_CODE = YES;
				CLANG_WARN__DUPLICATE_METHOD_MATCH = YES;
				COPY_PHASE_STRIP = NO;
				DEBUG_INFORMATION_FORMAT = "dwarf-with-dsym";
				ENABLE_NS_ASSERTIONS = NO;
				ENABLE_STRICT_OBJC_MSGSEND = YES;
				GCC_C_LANGUAGE_STANDARD = gnu11;
				GCC_NO_COMMON_BLOCKS = YES;
				GCC_WARN_64_TO_32_BIT_CONVERSION = YES;
				GCC_WARN_ABOUT_RETURN_TYPE = YES_ERROR;
				GCC_WARN_UNDECLARED_SELECTOR = YES;
				GCC_WARN_UNINITIALIZED_AUTOS = YES_AGGRESSIVE;
				GCC_WARN_UNUSED_FUNCTION = YES;
				GCC_WARN_UNUSED_VARIABLE = YES;
				IPHONEOS_DEPLOYMENT_TARGET = 13.0;
				MTL_ENABLE_DEBUG_INFO = NO;
				MTL_FAST_MATH = YES;
				SDKROOT = iphoneos;
				SWIFT_COMPILATION_MODE = wholemodule;
				SWIFT_OPTIMIZATION_LEVEL = "-O";
				VALIDATE_PRODUCT = YES;
			};
			name = Release;
		};
		AD27D1CE2791652F009C8F91 /* Debug */ = {
			isa = XCBuildConfiguration;
			baseConfigurationReference = 490D2B7F07520A2C0458A139 /* Pods-TestApp.debug.xcconfig */;
			buildSettings = {
				ASSETCATALOG_COMPILER_APPICON_NAME = AppIcon;
				ASSETCATALOG_COMPILER_GLOBAL_ACCENT_COLOR_NAME = AccentColor;
				CODE_SIGN_IDENTITY = "Apple Development";
				CODE_SIGN_STYLE = Automatic;
				CURRENT_PROJECT_VERSION = 1;
				DEVELOPMENT_TEAM = HDFLLXK789;
				GENERATE_INFOPLIST_FILE = YES;
				INFOPLIST_FILE = TestApp/Info.plist;
				INFOPLIST_KEY_UIApplicationSupportsIndirectInputEvents = YES;
				INFOPLIST_KEY_UILaunchStoryboardName = LaunchScreen;
				INFOPLIST_KEY_UISupportedInterfaceOrientations_iPad = "UIInterfaceOrientationPortrait UIInterfaceOrientationPortraitUpsideDown UIInterfaceOrientationLandscapeLeft UIInterfaceOrientationLandscapeRight";
				INFOPLIST_KEY_UISupportedInterfaceOrientations_iPhone = "UIInterfaceOrientationPortrait UIInterfaceOrientationLandscapeLeft UIInterfaceOrientationLandscapeRight";
				IPHONEOS_DEPLOYMENT_TARGET = 13.0;
				LD_RUNPATH_SEARCH_PATHS = (
					"$(inherited)",
					"@executable_path/Frameworks",
				);
				MARKETING_VERSION = 1.0;
				PRODUCT_BUNDLE_IDENTIFIER = com.example.TestApp;
				PRODUCT_NAME = "$(TARGET_NAME)";
				PROVISIONING_PROFILE_SPECIFIER = "";
				SWIFT_EMIT_LOC_STRINGS = YES;
				SWIFT_VERSION = 5.0;
				TARGETED_DEVICE_FAMILY = "1,2";
			};
			name = Debug;
		};
		AD27D1CF2791652F009C8F91 /* Release */ = {
			isa = XCBuildConfiguration;
			baseConfigurationReference = 202172D21AB2ED012D98CDDF /* Pods-TestApp.release.xcconfig */;
			buildSettings = {
				ASSETCATALOG_COMPILER_APPICON_NAME = AppIcon;
				ASSETCATALOG_COMPILER_GLOBAL_ACCENT_COLOR_NAME = AccentColor;
				CODE_SIGN_IDENTITY = "Apple Development";
				CODE_SIGN_STYLE = Automatic;
				CURRENT_PROJECT_VERSION = 1;
				DEVELOPMENT_TEAM = HDFLLXK789;
				GENERATE_INFOPLIST_FILE = YES;
				INFOPLIST_FILE = TestApp/Info.plist;
				INFOPLIST_KEY_UIApplicationSupportsIndirectInputEvents = YES;
				INFOPLIST_KEY_UILaunchStoryboardName = LaunchScreen;
				INFOPLIST_KEY_UISupportedInterfaceOrientations_iPad = "UIInterfaceOrientationPortrait UIInterfaceOrientationPortraitUpsideDown UIInterfaceOrientationLandscapeLeft UIInterfaceOrientationLandscapeRight";
				INFOPLIST_KEY_UISupportedInterfaceOrientations_iPhone = "UIInterfaceOrientationPortrait UIInterfaceOrientationLandscapeLeft UIInterfaceOrientationLandscapeRight";
				IPHONEOS_DEPLOYMENT_TARGET = 13.0;
				LD_RUNPATH_SEARCH_PATHS = (
					"$(inherited)",
					"@executable_path/Frameworks",
				);
				MARKETING_VERSION = 1.0;
				PRODUCT_BUNDLE_IDENTIFIER = com.example.TestApp;
				PRODUCT_NAME = "$(TARGET_NAME)";
				PROVISIONING_PROFILE_SPECIFIER = "";
				SWIFT_EMIT_LOC_STRINGS = YES;
				SWIFT_VERSION = 5.0;
				TARGETED_DEVICE_FAMILY = "1,2";
			};
			name = Release;
		};
		AD27D1D12791652F009C8F91 /* Debug */ = {
			isa = XCBuildConfiguration;
			baseConfigurationReference = 25732A55051288CB135B7026 /* Pods-TestAppTests.debug.xcconfig */;
			buildSettings = {
				ALWAYS_EMBED_SWIFT_STANDARD_LIBRARIES = YES;
				BUNDLE_LOADER = "$(TEST_HOST)";
				CODE_SIGN_STYLE = Automatic;
				CURRENT_PROJECT_VERSION = 1;
				DEVELOPMENT_TEAM = HDFLLXK789;
				GENERATE_INFOPLIST_FILE = YES;
				IPHONEOS_DEPLOYMENT_TARGET = 15.2;
				MARKETING_VERSION = 1.0;
				PRODUCT_BUNDLE_IDENTIFIER = com.example.TestAppTests;
				PRODUCT_NAME = "$(TARGET_NAME)";
				SWIFT_EMIT_LOC_STRINGS = NO;
				SWIFT_VERSION = 5.0;
				TARGETED_DEVICE_FAMILY = "1,2";
				TEST_HOST = "$(BUILT_PRODUCTS_DIR)/TestApp.app/TestApp";
			};
			name = Debug;
		};
		AD27D1D22791652F009C8F91 /* Release */ = {
			isa = XCBuildConfiguration;
			baseConfigurationReference = B76E8DF48A8D312DF6179951 /* Pods-TestAppTests.release.xcconfig */;
			buildSettings = {
				ALWAYS_EMBED_SWIFT_STANDARD_LIBRARIES = YES;
				BUNDLE_LOADER = "$(TEST_HOST)";
				CODE_SIGN_STYLE = Automatic;
				CURRENT_PROJECT_VERSION = 1;
				DEVELOPMENT_TEAM = HDFLLXK789;
				GENERATE_INFOPLIST_FILE = YES;
				IPHONEOS_DEPLOYMENT_TARGET = 15.2;
				MARKETING_VERSION = 1.0;
				PRODUCT_BUNDLE_IDENTIFIER = com.example.TestAppTests;
				PRODUCT_NAME = "$(TARGET_NAME)";
				SWIFT_EMIT_LOC_STRINGS = NO;
				SWIFT_VERSION = 5.0;
				TARGETED_DEVICE_FAMILY = "1,2";
				TEST_HOST = "$(BUILT_PRODUCTS_DIR)/TestApp.app/TestApp";
			};
			name = Release;
		};
		AD27D1D42791652F009C8F91 /* Debug */ = {
			isa = XCBuildConfiguration;
			baseConfigurationReference = CCEC7128F2A6023A994AEE25 /* Pods-TestApp-TestAppUITests.debug.xcconfig */;
			buildSettings = {
				ALWAYS_EMBED_SWIFT_STANDARD_LIBRARIES = YES;
				CODE_SIGN_STYLE = Automatic;
				CURRENT_PROJECT_VERSION = 1;
				DEVELOPMENT_TEAM = HDFLLXK789;
				GENERATE_INFOPLIST_FILE = YES;
				MARKETING_VERSION = 1.0;
				PRODUCT_BUNDLE_IDENTIFIER = com.example.TestAppUITests;
				PRODUCT_NAME = "$(TARGET_NAME)";
				SWIFT_EMIT_LOC_STRINGS = NO;
				SWIFT_VERSION = 5.0;
				TARGETED_DEVICE_FAMILY = "1,2";
				TEST_TARGET_NAME = TestApp;
			};
			name = Debug;
		};
		AD27D1D52791652F009C8F91 /* Release */ = {
			isa = XCBuildConfiguration;
			baseConfigurationReference = 18310F96460656296AFA88A9 /* Pods-TestApp-TestAppUITests.release.xcconfig */;
			buildSettings = {
				ALWAYS_EMBED_SWIFT_STANDARD_LIBRARIES = YES;
				CODE_SIGN_STYLE = Automatic;
				CURRENT_PROJECT_VERSION = 1;
				DEVELOPMENT_TEAM = HDFLLXK789;
				GENERATE_INFOPLIST_FILE = YES;
				MARKETING_VERSION = 1.0;
				PRODUCT_BUNDLE_IDENTIFIER = com.example.TestAppUITests;
				PRODUCT_NAME = "$(TARGET_NAME)";
				SWIFT_EMIT_LOC_STRINGS = NO;
				SWIFT_VERSION = 5.0;
				TARGETED_DEVICE_FAMILY = "1,2";
				TEST_TARGET_NAME = TestApp;
			};
			name = Release;
		};
/* End XCBuildConfiguration section */

/* Begin XCConfigurationList section */
		AD27D19E2791652D009C8F91 /* Build configuration list for PBXProject "TestApp" */ = {
			isa = XCConfigurationList;
			buildConfigurations = (
				AD27D1CB2791652F009C8F91 /* Debug */,
				AD27D1CC2791652F009C8F91 /* Release */,
			);
			defaultConfigurationIsVisible = 0;
			defaultConfigurationName = Release;
		};
		AD27D1CD2791652F009C8F91 /* Build configuration list for PBXNativeTarget "TestApp" */ = {
			isa = XCConfigurationList;
			buildConfigurations = (
				AD27D1CE2791652F009C8F91 /* Debug */,
				AD27D1CF2791652F009C8F91 /* Release */,
			);
			defaultConfigurationIsVisible = 0;
			defaultConfigurationName = Release;
		};
		AD27D1D02791652F009C8F91 /* Build configuration list for PBXNativeTarget "TestAppTests" */ = {
			isa = XCConfigurationList;
			buildConfigurations = (
				AD27D1D12791652F009C8F91 /* Debug */,
				AD27D1D22791652F009C8F91 /* Release */,
			);
			defaultConfigurationIsVisible = 0;
			defaultConfigurationName = Release;
		};
		AD27D1D32791652F009C8F91 /* Build configuration list for PBXNativeTarget "TestAppUITests" */ = {
			isa = XCConfigurationList;
			buildConfigurations = (
				AD27D1D42791652F009C8F91 /* Debug */,
				AD27D1D52791652F009C8F91 /* Release */,
			);
			defaultConfigurationIsVisible = 0;
			defaultConfigurationName = Release;
		};
/* End XCConfigurationList section */

/* Begin XCRemoteSwiftPackageReference section */
		AD8B45E127C2FEA600005725 /* XCRemoteSwiftPackageReference "Alamofire" */ = {
			isa = XCRemoteSwiftPackageReference;
			repositoryURL = "https://github.com/Alamofire/Alamofire.git";
			requirement = {
				kind = upToNextMajorVersion;
				minimumVersion = 5.0.0;
			};
		};
/* End XCRemoteSwiftPackageReference section */

/* Begin XCSwiftPackageProductDependency section */
		AD8B45E227C2FEA600005725 /* Alamofire */ = {
			isa = XCSwiftPackageProductDependency;
			package = AD8B45E127C2FEA600005725 /* XCRemoteSwiftPackageReference "Alamofire" */;
			productName = Alamofire;
		};
/* End XCSwiftPackageProductDependency section */
	};
	rootObject = AD27D19B2791652D009C8F91 /* Project object */;
}
